// !$*UTF8*$!
{
	archiveVersion = 1;
	classes = {
	};
	objectVersion = 50;
	objects = {

/* Begin PBXBuildFile section */
		8639A2FD23D3CF76004F7B34 /* Lottie.framework in Frameworks */ = {isa = PBXBuildFile; fileRef = 8639A2FA23D3CF76004F7B34 /* Lottie.framework */; };
		8639A2FE23D3CF76004F7B34 /* Lottie.framework in Embed Frameworks */ = {isa = PBXBuildFile; fileRef = 8639A2FA23D3CF76004F7B34 /* Lottie.framework */; settings = {ATTRIBUTES = (CodeSignOnCopy, RemoveHeadersOnCopy, ); }; };
		8639A2FF23D3CF76004F7B34 /* Alamofire.framework in Frameworks */ = {isa = PBXBuildFile; fileRef = 8639A2FB23D3CF76004F7B34 /* Alamofire.framework */; };
		8639A30023D3CF76004F7B34 /* Alamofire.framework in Embed Frameworks */ = {isa = PBXBuildFile; fileRef = 8639A2FB23D3CF76004F7B34 /* Alamofire.framework */; settings = {ATTRIBUTES = (CodeSignOnCopy, RemoveHeadersOnCopy, ); }; };
		8639A30123D3CF76004F7B34 /* AlamofireImage.framework in Frameworks */ = {isa = PBXBuildFile; fileRef = 8639A2FC23D3CF76004F7B34 /* AlamofireImage.framework */; };
		8639A30223D3CF76004F7B34 /* AlamofireImage.framework in Embed Frameworks */ = {isa = PBXBuildFile; fileRef = 8639A2FC23D3CF76004F7B34 /* AlamofireImage.framework */; settings = {ATTRIBUTES = (CodeSignOnCopy, RemoveHeadersOnCopy, ); }; };
		8644D5F623D3C71200EB303A /* Global.swift in Sources */ = {isa = PBXBuildFile; fileRef = 8644D5F523D3C71200EB303A /* Global.swift */; };
		86E1C77D23D3692A00E771B6 /* AppDelegate.swift in Sources */ = {isa = PBXBuildFile; fileRef = 86E1C77C23D3692A00E771B6 /* AppDelegate.swift */; };
		86E1C78423D3692A00E771B6 /* Main.storyboard in Resources */ = {isa = PBXBuildFile; fileRef = 86E1C78223D3692A00E771B6 /* Main.storyboard */; };
		86E1C78623D3692F00E771B6 /* Assets.xcassets in Resources */ = {isa = PBXBuildFile; fileRef = 86E1C78523D3692F00E771B6 /* Assets.xcassets */; };
		86E1C78923D3692F00E771B6 /* LaunchScreen.storyboard in Resources */ = {isa = PBXBuildFile; fileRef = 86E1C78723D3692F00E771B6 /* LaunchScreen.storyboard */; };
		86E1C79423D3692F00E771B6 /* Item_ListerTests.swift in Sources */ = {isa = PBXBuildFile; fileRef = 86E1C79323D3692F00E771B6 /* Item_ListerTests.swift */; };
		86E1C79F23D3692F00E771B6 /* Item_ListerUITests.swift in Sources */ = {isa = PBXBuildFile; fileRef = 86E1C79E23D3692F00E771B6 /* Item_ListerUITests.swift */; };
		86E1C7BF23D3742500E771B6 /* OpenSans.ttf in Resources */ = {isa = PBXBuildFile; fileRef = 86E1C7BB23D3742400E771B6 /* OpenSans.ttf */; };
		86E1C7C023D3742500E771B6 /* OpenSans-Semibold.ttf in Resources */ = {isa = PBXBuildFile; fileRef = 86E1C7BC23D3742400E771B6 /* OpenSans-Semibold.ttf */; };
		86E1C7C123D3742500E771B6 /* OpenSans-Bold.ttf in Resources */ = {isa = PBXBuildFile; fileRef = 86E1C7BD23D3742400E771B6 /* OpenSans-Bold.ttf */; };
		86E1C7C223D3742500E771B6 /* OpenSans-Light.ttf in Resources */ = {isa = PBXBuildFile; fileRef = 86E1C7BE23D3742500E771B6 /* OpenSans-Light.ttf */; };
		86E1C7C623D3756D00E771B6 /* loading.json in Resources */ = {isa = PBXBuildFile; fileRef = 86E1C7C523D3756C00E771B6 /* loading.json */; };
		86E1C7C923D3774800E771B6 /* Localizable.strings in Resources */ = {isa = PBXBuildFile; fileRef = 86E1C7CB23D3774800E771B6 /* Localizable.strings */; };
		86E1C7D123D3793300E771B6 /* StatefulViewModel.swift in Sources */ = {isa = PBXBuildFile; fileRef = 86E1C7D023D3793300E771B6 /* StatefulViewModel.swift */; };
		86E1C7D323D3793F00E771B6 /* BaseViewController.swift in Sources */ = {isa = PBXBuildFile; fileRef = 86E1C7D223D3793F00E771B6 /* BaseViewController.swift */; };
		86E1C7D723D37BBD00E771B6 /* String+Localization.swift in Sources */ = {isa = PBXBuildFile; fileRef = 86E1C7D623D37BBD00E771B6 /* String+Localization.swift */; };
		86E1C7DA23D37CEC00E771B6 /* UIFont+Styling.swift in Sources */ = {isa = PBXBuildFile; fileRef = 86E1C7D923D37CEC00E771B6 /* UIFont+Styling.swift */; };
		86E1C7DD23D37D6600E771B6 /* UIColor+Styling.swift in Sources */ = {isa = PBXBuildFile; fileRef = 86E1C7DC23D37D6600E771B6 /* UIColor+Styling.swift */; };
		86E1C7E023D37F6B00E771B6 /* UIButton+Styling.swift in Sources */ = {isa = PBXBuildFile; fileRef = 86E1C7DF23D37F6B00E771B6 /* UIButton+Styling.swift */; };
		86E1C7E323D3807700E771B6 /* NetworkManager.swift in Sources */ = {isa = PBXBuildFile; fileRef = 86E1C7E223D3807700E771B6 /* NetworkManager.swift */; };
		86E1C7E623D3818A00E771B6 /* HomeViewController.swift in Sources */ = {isa = PBXBuildFile; fileRef = 86E1C7E523D3818A00E771B6 /* HomeViewController.swift */; };
		86E1C7E823D3926200E771B6 /* HomeViewModel.swift in Sources */ = {isa = PBXBuildFile; fileRef = 86E1C7E723D3926200E771B6 /* HomeViewModel.swift */; };
		86E1C7EA23D3927600E771B6 /* HomeRouter.swift in Sources */ = {isa = PBXBuildFile; fileRef = 86E1C7E923D3927600E771B6 /* HomeRouter.swift */; };
		86E1C7EE23D3933A00E771B6 /* Item.swift in Sources */ = {isa = PBXBuildFile; fileRef = 86E1C7ED23D3933A00E771B6 /* Item.swift */; };
		86E1C7F323D39A4000E771B6 /* ItemCell.swift in Sources */ = {isa = PBXBuildFile; fileRef = 86E1C7F223D39A4000E771B6 /* ItemCell.swift */; };
		86E1C7F523D39A4A00E771B6 /* ItemCell.xib in Resources */ = {isa = PBXBuildFile; fileRef = 86E1C7F423D39A4A00E771B6 /* ItemCell.xib */; };
		86E1C7F823D3B30600E771B6 /* ItemDetailViewController.swift in Sources */ = {isa = PBXBuildFile; fileRef = 86E1C7F723D3B30600E771B6 /* ItemDetailViewController.swift */; };
		86E1C7FA23D3B79A00E771B6 /* ItemDetailViewModel.swift in Sources */ = {isa = PBXBuildFile; fileRef = 86E1C7F923D3B79A00E771B6 /* ItemDetailViewModel.swift */; };
		86E1C7FD23D3B8E600E771B6 /* StoryboardLoadable.swift in Sources */ = {isa = PBXBuildFile; fileRef = 86E1C7FC23D3B8E600E771B6 /* StoryboardLoadable.swift */; };
		86E1C7FF23D3B8F800E771B6 /* Instantiatable.swift in Sources */ = {isa = PBXBuildFile; fileRef = 86E1C7FE23D3B8F800E771B6 /* Instantiatable.swift */; };
/* End PBXBuildFile section */

/* Begin PBXContainerItemProxy section */
		86E1C79023D3692F00E771B6 /* PBXContainerItemProxy */ = {
			isa = PBXContainerItemProxy;
			containerPortal = 86E1C77123D3692A00E771B6 /* Project object */;
			proxyType = 1;
			remoteGlobalIDString = 86E1C77823D3692A00E771B6;
			remoteInfo = "Item Lister";
		};
		86E1C79B23D3692F00E771B6 /* PBXContainerItemProxy */ = {
			isa = PBXContainerItemProxy;
			containerPortal = 86E1C77123D3692A00E771B6 /* Project object */;
			proxyType = 1;
			remoteGlobalIDString = 86E1C77823D3692A00E771B6;
			remoteInfo = "Item Lister";
		};
/* End PBXContainerItemProxy section */

/* Begin PBXCopyFilesBuildPhase section */
		8639A2F023D3C953004F7B34 /* Embed Frameworks */ = {
			isa = PBXCopyFilesBuildPhase;
			buildActionMask = 2147483647;
			dstPath = "";
			dstSubfolderSpec = 10;
			files = (
				8639A30223D3CF76004F7B34 /* AlamofireImage.framework in Embed Frameworks */,
				8639A2FE23D3CF76004F7B34 /* Lottie.framework in Embed Frameworks */,
				8639A30023D3CF76004F7B34 /* Alamofire.framework in Embed Frameworks */,
			);
			name = "Embed Frameworks";
			runOnlyForDeploymentPostprocessing = 0;
		};
/* End PBXCopyFilesBuildPhase section */

/* Begin PBXFileReference section */
		8639A2FA23D3CF76004F7B34 /* Lottie.framework */ = {isa = PBXFileReference; lastKnownFileType = wrapper.framework; name = Lottie.framework; path = Carthage/Build/iOS/Lottie.framework; sourceTree = "<group>"; };
		8639A2FB23D3CF76004F7B34 /* Alamofire.framework */ = {isa = PBXFileReference; lastKnownFileType = wrapper.framework; name = Alamofire.framework; path = Carthage/Build/iOS/Alamofire.framework; sourceTree = "<group>"; };
		8639A2FC23D3CF76004F7B34 /* AlamofireImage.framework */ = {isa = PBXFileReference; lastKnownFileType = wrapper.framework; name = AlamofireImage.framework; path = Carthage/Build/iOS/AlamofireImage.framework; sourceTree = "<group>"; };
		8644D5F523D3C71200EB303A /* Global.swift */ = {isa = PBXFileReference; lastKnownFileType = sourcecode.swift; path = Global.swift; sourceTree = "<group>"; };
		86E1C77923D3692A00E771B6 /* Item Lister.app */ = {isa = PBXFileReference; explicitFileType = wrapper.application; includeInIndex = 0; path = "Item Lister.app"; sourceTree = BUILT_PRODUCTS_DIR; };
		86E1C77C23D3692A00E771B6 /* AppDelegate.swift */ = {isa = PBXFileReference; lastKnownFileType = sourcecode.swift; path = AppDelegate.swift; sourceTree = "<group>"; };
		86E1C78323D3692A00E771B6 /* Base */ = {isa = PBXFileReference; lastKnownFileType = file.storyboard; name = Base; path = Base.lproj/Main.storyboard; sourceTree = "<group>"; };
		86E1C78523D3692F00E771B6 /* Assets.xcassets */ = {isa = PBXFileReference; lastKnownFileType = folder.assetcatalog; path = Assets.xcassets; sourceTree = "<group>"; };
		86E1C78823D3692F00E771B6 /* Base */ = {isa = PBXFileReference; lastKnownFileType = file.storyboard; name = Base; path = Base.lproj/LaunchScreen.storyboard; sourceTree = "<group>"; };
		86E1C78A23D3692F00E771B6 /* Info.plist */ = {isa = PBXFileReference; lastKnownFileType = text.plist.xml; path = Info.plist; sourceTree = "<group>"; };
		86E1C78F23D3692F00E771B6 /* Item ListerTests.xctest */ = {isa = PBXFileReference; explicitFileType = wrapper.cfbundle; includeInIndex = 0; path = "Item ListerTests.xctest"; sourceTree = BUILT_PRODUCTS_DIR; };
		86E1C79323D3692F00E771B6 /* Item_ListerTests.swift */ = {isa = PBXFileReference; lastKnownFileType = sourcecode.swift; path = Item_ListerTests.swift; sourceTree = "<group>"; };
		86E1C79523D3692F00E771B6 /* Info.plist */ = {isa = PBXFileReference; lastKnownFileType = text.plist.xml; path = Info.plist; sourceTree = "<group>"; };
		86E1C79A23D3692F00E771B6 /* Item ListerUITests.xctest */ = {isa = PBXFileReference; explicitFileType = wrapper.cfbundle; includeInIndex = 0; path = "Item ListerUITests.xctest"; sourceTree = BUILT_PRODUCTS_DIR; };
		86E1C79E23D3692F00E771B6 /* Item_ListerUITests.swift */ = {isa = PBXFileReference; lastKnownFileType = sourcecode.swift; path = Item_ListerUITests.swift; sourceTree = "<group>"; };
		86E1C7A023D3692F00E771B6 /* Info.plist */ = {isa = PBXFileReference; lastKnownFileType = text.plist.xml; path = Info.plist; sourceTree = "<group>"; };
		86E1C7BB23D3742400E771B6 /* OpenSans.ttf */ = {isa = PBXFileReference; lastKnownFileType = file; path = OpenSans.ttf; sourceTree = "<group>"; };
		86E1C7BC23D3742400E771B6 /* OpenSans-Semibold.ttf */ = {isa = PBXFileReference; lastKnownFileType = file; path = "OpenSans-Semibold.ttf"; sourceTree = "<group>"; };
		86E1C7BD23D3742400E771B6 /* OpenSans-Bold.ttf */ = {isa = PBXFileReference; lastKnownFileType = file; path = "OpenSans-Bold.ttf"; sourceTree = "<group>"; };
		86E1C7BE23D3742500E771B6 /* OpenSans-Light.ttf */ = {isa = PBXFileReference; lastKnownFileType = file; path = "OpenSans-Light.ttf"; sourceTree = "<group>"; };
		86E1C7C523D3756C00E771B6 /* loading.json */ = {isa = PBXFileReference; fileEncoding = 4; lastKnownFileType = text.json; path = loading.json; sourceTree = "<group>"; };
		86E1C7CA23D3774800E771B6 /* en */ = {isa = PBXFileReference; lastKnownFileType = text.plist.strings; name = en; path = en.lproj/Localizable.strings; sourceTree = "<group>"; };
		86E1C7CC23D3777800E771B6 /* tr */ = {isa = PBXFileReference; lastKnownFileType = text.plist.strings; name = tr; path = tr.lproj/Localizable.strings; sourceTree = "<group>"; };
		86E1C7D023D3793300E771B6 /* StatefulViewModel.swift */ = {isa = PBXFileReference; lastKnownFileType = sourcecode.swift; path = StatefulViewModel.swift; sourceTree = "<group>"; };
		86E1C7D223D3793F00E771B6 /* BaseViewController.swift */ = {isa = PBXFileReference; lastKnownFileType = sourcecode.swift; path = BaseViewController.swift; sourceTree = "<group>"; };
		86E1C7D623D37BBD00E771B6 /* String+Localization.swift */ = {isa = PBXFileReference; lastKnownFileType = sourcecode.swift; path = "String+Localization.swift"; sourceTree = "<group>"; };
		86E1C7D923D37CEC00E771B6 /* UIFont+Styling.swift */ = {isa = PBXFileReference; lastKnownFileType = sourcecode.swift; path = "UIFont+Styling.swift"; sourceTree = "<group>"; };
		86E1C7DC23D37D6600E771B6 /* UIColor+Styling.swift */ = {isa = PBXFileReference; lastKnownFileType = sourcecode.swift; path = "UIColor+Styling.swift"; sourceTree = "<group>"; };
		86E1C7DF23D37F6B00E771B6 /* UIButton+Styling.swift */ = {isa = PBXFileReference; lastKnownFileType = sourcecode.swift; path = "UIButton+Styling.swift"; sourceTree = "<group>"; };
		86E1C7E223D3807700E771B6 /* NetworkManager.swift */ = {isa = PBXFileReference; lastKnownFileType = sourcecode.swift; path = NetworkManager.swift; sourceTree = "<group>"; };
		86E1C7E523D3818A00E771B6 /* HomeViewController.swift */ = {isa = PBXFileReference; lastKnownFileType = sourcecode.swift; path = HomeViewController.swift; sourceTree = "<group>"; };
		86E1C7E723D3926200E771B6 /* HomeViewModel.swift */ = {isa = PBXFileReference; lastKnownFileType = sourcecode.swift; path = HomeViewModel.swift; sourceTree = "<group>"; };
		86E1C7E923D3927600E771B6 /* HomeRouter.swift */ = {isa = PBXFileReference; lastKnownFileType = sourcecode.swift; path = HomeRouter.swift; sourceTree = "<group>"; };
		86E1C7ED23D3933A00E771B6 /* Item.swift */ = {isa = PBXFileReference; lastKnownFileType = sourcecode.swift; path = Item.swift; sourceTree = "<group>"; };
		86E1C7F223D39A4000E771B6 /* ItemCell.swift */ = {isa = PBXFileReference; lastKnownFileType = sourcecode.swift; path = ItemCell.swift; sourceTree = "<group>"; };
		86E1C7F423D39A4A00E771B6 /* ItemCell.xib */ = {isa = PBXFileReference; lastKnownFileType = file.xib; path = ItemCell.xib; sourceTree = "<group>"; };
		86E1C7F723D3B30600E771B6 /* ItemDetailViewController.swift */ = {isa = PBXFileReference; lastKnownFileType = sourcecode.swift; path = ItemDetailViewController.swift; sourceTree = "<group>"; };
		86E1C7F923D3B79A00E771B6 /* ItemDetailViewModel.swift */ = {isa = PBXFileReference; lastKnownFileType = sourcecode.swift; path = ItemDetailViewModel.swift; sourceTree = "<group>"; };
		86E1C7FC23D3B8E600E771B6 /* StoryboardLoadable.swift */ = {isa = PBXFileReference; lastKnownFileType = sourcecode.swift; path = StoryboardLoadable.swift; sourceTree = "<group>"; };
		86E1C7FE23D3B8F800E771B6 /* Instantiatable.swift */ = {isa = PBXFileReference; lastKnownFileType = sourcecode.swift; path = Instantiatable.swift; sourceTree = "<group>"; };
/* End PBXFileReference section */

/* Begin PBXFrameworksBuildPhase section */
		86E1C77623D3692A00E771B6 /* Frameworks */ = {
			isa = PBXFrameworksBuildPhase;
			buildActionMask = 2147483647;
			files = (
				8639A30123D3CF76004F7B34 /* AlamofireImage.framework in Frameworks */,
				8639A2FD23D3CF76004F7B34 /* Lottie.framework in Frameworks */,
				8639A2FF23D3CF76004F7B34 /* Alamofire.framework in Frameworks */,
			);
			runOnlyForDeploymentPostprocessing = 0;
		};
		86E1C78C23D3692F00E771B6 /* Frameworks */ = {
			isa = PBXFrameworksBuildPhase;
			buildActionMask = 2147483647;
			files = (
			);
			runOnlyForDeploymentPostprocessing = 0;
		};
		86E1C79723D3692F00E771B6 /* Frameworks */ = {
			isa = PBXFrameworksBuildPhase;
			buildActionMask = 2147483647;
			files = (
			);
			runOnlyForDeploymentPostprocessing = 0;
		};
/* End PBXFrameworksBuildPhase section */

/* Begin PBXGroup section */
		8644D5F723D3C73E00EB303A /* Global */ = {
			isa = PBXGroup;
			children = (
				8644D5F523D3C71200EB303A /* Global.swift */,
			);
			path = Global;
			sourceTree = "<group>";
		};
		86E1C77023D3692A00E771B6 = {
			isa = PBXGroup;
			children = (
				86E1C77B23D3692A00E771B6 /* Item Lister */,
				86E1C79223D3692F00E771B6 /* Item ListerTests */,
				86E1C79D23D3692F00E771B6 /* Item ListerUITests */,
				86E1C77A23D3692A00E771B6 /* Products */,
				86E1C7B223D3729200E771B6 /* Frameworks */,
			);
			sourceTree = "<group>";
		};
		86E1C77A23D3692A00E771B6 /* Products */ = {
			isa = PBXGroup;
			children = (
				86E1C77923D3692A00E771B6 /* Item Lister.app */,
				86E1C78F23D3692F00E771B6 /* Item ListerTests.xctest */,
				86E1C79A23D3692F00E771B6 /* Item ListerUITests.xctest */,
			);
			name = Products;
			sourceTree = "<group>";
		};
		86E1C77B23D3692A00E771B6 /* Item Lister */ = {
			isa = PBXGroup;
			children = (
				86E1C78A23D3692F00E771B6 /* Info.plist */,
				86E1C77C23D3692A00E771B6 /* AppDelegate.swift */,
				86E1C7AC23D36A7D00E771B6 /* Common */,
				86E1C7AD23D36A8400E771B6 /* Resources */,
				86E1C7AF23D36A9400E771B6 /* Scenes */,
			);
			path = "Item Lister";
			sourceTree = "<group>";
		};
		86E1C79223D3692F00E771B6 /* Item ListerTests */ = {
			isa = PBXGroup;
			children = (
				86E1C79323D3692F00E771B6 /* Item_ListerTests.swift */,
				86E1C79523D3692F00E771B6 /* Info.plist */,
			);
			path = "Item ListerTests";
			sourceTree = "<group>";
		};
		86E1C79D23D3692F00E771B6 /* Item ListerUITests */ = {
			isa = PBXGroup;
			children = (
				86E1C79E23D3692F00E771B6 /* Item_ListerUITests.swift */,
				86E1C7A023D3692F00E771B6 /* Info.plist */,
			);
			path = "Item ListerUITests";
			sourceTree = "<group>";
		};
		86E1C7AC23D36A7D00E771B6 /* Common */ = {
			isa = PBXGroup;
			children = (
				86E1C7CD23D3790100E771B6 /* Base */,
				86E1C7D423D37B9100E771B6 /* Extensions */,
				8644D5F723D3C73E00EB303A /* Global */,
				86E1C7E123D3806200E771B6 /* Network */,
				86E1C7FB23D3B8C300E771B6 /* Protocols */,
			);
			path = Common;
			sourceTree = "<group>";
		};
		86E1C7AD23D36A8400E771B6 /* Resources */ = {
			isa = PBXGroup;
			children = (
				86E1C78723D3692F00E771B6 /* LaunchScreen.storyboard */,
				86E1C7CB23D3774800E771B6 /* Localizable.strings */,
				86E1C78523D3692F00E771B6 /* Assets.xcassets */,
				86E1C7C423D3753300E771B6 /* Animations */,
				86E1C7BA23D373EB00E771B6 /* Fonts */,
			);
			path = Resources;
			sourceTree = "<group>";
		};
		86E1C7AF23D36A9400E771B6 /* Scenes */ = {
			isa = PBXGroup;
			children = (
				86E1C78223D3692A00E771B6 /* Main.storyboard */,
				86E1C7E423D3817400E771B6 /* Home */,
				86E1C7F623D3B0C400E771B6 /* ItemDetail */,
			);
			path = Scenes;
			sourceTree = "<group>";
		};
		86E1C7B223D3729200E771B6 /* Frameworks */ = {
			isa = PBXGroup;
			children = (
				8639A2FB23D3CF76004F7B34 /* Alamofire.framework */,
				8639A2FC23D3CF76004F7B34 /* AlamofireImage.framework */,
				8639A2FA23D3CF76004F7B34 /* Lottie.framework */,
			);
			name = Frameworks;
			sourceTree = "<group>";
		};
		86E1C7BA23D373EB00E771B6 /* Fonts */ = {
			isa = PBXGroup;
			children = (
				86E1C7BD23D3742400E771B6 /* OpenSans-Bold.ttf */,
				86E1C7BE23D3742500E771B6 /* OpenSans-Light.ttf */,
				86E1C7BC23D3742400E771B6 /* OpenSans-Semibold.ttf */,
				86E1C7BB23D3742400E771B6 /* OpenSans.ttf */,
			);
			path = Fonts;
			sourceTree = "<group>";
		};
		86E1C7C423D3753300E771B6 /* Animations */ = {
			isa = PBXGroup;
			children = (
				86E1C7C523D3756C00E771B6 /* loading.json */,
			);
			path = Animations;
			sourceTree = "<group>";
		};
		86E1C7CD23D3790100E771B6 /* Base */ = {
			isa = PBXGroup;
			children = (
				86E1C7CE23D3790E00E771B6 /* ViewController */,
				86E1C7CF23D3791B00E771B6 /* ViewModel */,
			);
			path = Base;
			sourceTree = "<group>";
		};
		86E1C7CE23D3790E00E771B6 /* ViewController */ = {
			isa = PBXGroup;
			children = (
				86E1C7D223D3793F00E771B6 /* BaseViewController.swift */,
			);
			path = ViewController;
			sourceTree = "<group>";
		};
		86E1C7CF23D3791B00E771B6 /* ViewModel */ = {
			isa = PBXGroup;
			children = (
				86E1C7D023D3793300E771B6 /* StatefulViewModel.swift */,
			);
			path = ViewModel;
			sourceTree = "<group>";
		};
		86E1C7D423D37B9100E771B6 /* Extensions */ = {
			isa = PBXGroup;
			children = (
				86E1C7D523D37BA200E771B6 /* String */,
				86E1C7DE23D37F5100E771B6 /* UIButton */,
				86E1C7DB23D37D5100E771B6 /* UIColor */,
				86E1C7D823D37CD400E771B6 /* UIFont */,
			);
			path = Extensions;
			sourceTree = "<group>";
		};
		86E1C7D523D37BA200E771B6 /* String */ = {
			isa = PBXGroup;
			children = (
				86E1C7D623D37BBD00E771B6 /* String+Localization.swift */,
			);
			path = String;
			sourceTree = "<group>";
		};
		86E1C7D823D37CD400E771B6 /* UIFont */ = {
			isa = PBXGroup;
			children = (
				86E1C7D923D37CEC00E771B6 /* UIFont+Styling.swift */,
			);
			path = UIFont;
			sourceTree = "<group>";
		};
		86E1C7DB23D37D5100E771B6 /* UIColor */ = {
			isa = PBXGroup;
			children = (
				86E1C7DC23D37D6600E771B6 /* UIColor+Styling.swift */,
			);
			path = UIColor;
			sourceTree = "<group>";
		};
		86E1C7DE23D37F5100E771B6 /* UIButton */ = {
			isa = PBXGroup;
			children = (
				86E1C7DF23D37F6B00E771B6 /* UIButton+Styling.swift */,
			);
			path = UIButton;
			sourceTree = "<group>";
		};
		86E1C7E123D3806200E771B6 /* Network */ = {
			isa = PBXGroup;
			children = (
				86E1C7E223D3807700E771B6 /* NetworkManager.swift */,
				86E1C7EC23D3932800E771B6 /* Models */,
			);
			path = Network;
			sourceTree = "<group>";
		};
		86E1C7E423D3817400E771B6 /* Home */ = {
			isa = PBXGroup;
			children = (
				86E1C7E923D3927600E771B6 /* HomeRouter.swift */,
				86E1C7E523D3818A00E771B6 /* HomeViewController.swift */,
				86E1C7E723D3926200E771B6 /* HomeViewModel.swift */,
				86E1C7EB23D3928B00E771B6 /* Views */,
			);
			path = Home;
			sourceTree = "<group>";
		};
		86E1C7EB23D3928B00E771B6 /* Views */ = {
			isa = PBXGroup;
			children = (
				86E1C7F223D39A4000E771B6 /* ItemCell.swift */,
				86E1C7F423D39A4A00E771B6 /* ItemCell.xib */,
			);
			path = Views;
			sourceTree = "<group>";
		};
		86E1C7EC23D3932800E771B6 /* Models */ = {
			isa = PBXGroup;
			children = (
				86E1C7ED23D3933A00E771B6 /* Item.swift */,
			);
			path = Models;
			sourceTree = "<group>";
		};
		86E1C7F623D3B0C400E771B6 /* ItemDetail */ = {
			isa = PBXGroup;
			children = (
				86E1C7F723D3B30600E771B6 /* ItemDetailViewController.swift */,
				86E1C7F923D3B79A00E771B6 /* ItemDetailViewModel.swift */,
			);
			path = ItemDetail;
			sourceTree = "<group>";
		};
		86E1C7FB23D3B8C300E771B6 /* Protocols */ = {
			isa = PBXGroup;
			children = (
				86E1C7FE23D3B8F800E771B6 /* Instantiatable.swift */,
				86E1C7FC23D3B8E600E771B6 /* StoryboardLoadable.swift */,
			);
			path = Protocols;
			sourceTree = "<group>";
		};
/* End PBXGroup section */

/* Begin PBXNativeTarget section */
		86E1C77823D3692A00E771B6 /* Item Lister */ = {
			isa = PBXNativeTarget;
			buildConfigurationList = 86E1C7A323D3692F00E771B6 /* Build configuration list for PBXNativeTarget "Item Lister" */;
			buildPhases = (
				86E1C77523D3692A00E771B6 /* Sources */,
				86E1C77623D3692A00E771B6 /* Frameworks */,
				86E1C77723D3692A00E771B6 /* Resources */,
				86E1C7B023D36CBA00E771B6 /* ShellScript */,
				86E1C7B123D36CE000E771B6 /* ShellScript */,
				8639A2F023D3C953004F7B34 /* Embed Frameworks */,
			);
			buildRules = (
			);
			dependencies = (
			);
			name = "Item Lister";
			productName = "Item Lister";
			productReference = 86E1C77923D3692A00E771B6 /* Item Lister.app */;
			productType = "com.apple.product-type.application";
		};
		86E1C78E23D3692F00E771B6 /* Item ListerTests */ = {
			isa = PBXNativeTarget;
			buildConfigurationList = 86E1C7A623D3692F00E771B6 /* Build configuration list for PBXNativeTarget "Item ListerTests" */;
			buildPhases = (
				86E1C78B23D3692F00E771B6 /* Sources */,
				86E1C78C23D3692F00E771B6 /* Frameworks */,
				86E1C78D23D3692F00E771B6 /* Resources */,
			);
			buildRules = (
			);
			dependencies = (
				86E1C79123D3692F00E771B6 /* PBXTargetDependency */,
			);
			name = "Item ListerTests";
			productName = "Item ListerTests";
			productReference = 86E1C78F23D3692F00E771B6 /* Item ListerTests.xctest */;
			productType = "com.apple.product-type.bundle.unit-test";
		};
		86E1C79923D3692F00E771B6 /* Item ListerUITests */ = {
			isa = PBXNativeTarget;
			buildConfigurationList = 86E1C7A923D3692F00E771B6 /* Build configuration list for PBXNativeTarget "Item ListerUITests" */;
			buildPhases = (
				86E1C79623D3692F00E771B6 /* Sources */,
				86E1C79723D3692F00E771B6 /* Frameworks */,
				86E1C79823D3692F00E771B6 /* Resources */,
			);
			buildRules = (
			);
			dependencies = (
				86E1C79C23D3692F00E771B6 /* PBXTargetDependency */,
			);
			name = "Item ListerUITests";
			productName = "Item ListerUITests";
			productReference = 86E1C79A23D3692F00E771B6 /* Item ListerUITests.xctest */;
			productType = "com.apple.product-type.bundle.ui-testing";
		};
/* End PBXNativeTarget section */

/* Begin PBXProject section */
		86E1C77123D3692A00E771B6 /* Project object */ = {
			isa = PBXProject;
			attributes = {
				LastSwiftUpdateCheck = 1130;
				LastUpgradeCheck = 1130;
				ORGANIZATIONNAME = "Cemil Kocaman Software";
				TargetAttributes = {
					86E1C77823D3692A00E771B6 = {
						CreatedOnToolsVersion = 11.3;
					};
					86E1C78E23D3692F00E771B6 = {
						CreatedOnToolsVersion = 11.3;
						TestTargetID = 86E1C77823D3692A00E771B6;
					};
					86E1C79923D3692F00E771B6 = {
						CreatedOnToolsVersion = 11.3;
						TestTargetID = 86E1C77823D3692A00E771B6;
					};
				};
			};
			buildConfigurationList = 86E1C77423D3692A00E771B6 /* Build configuration list for PBXProject "Item Lister" */;
			compatibilityVersion = "Xcode 9.3";
			developmentRegion = en;
			hasScannedForEncodings = 0;
			knownRegions = (
				en,
				Base,
				tr,
			);
			mainGroup = 86E1C77023D3692A00E771B6;
			productRefGroup = 86E1C77A23D3692A00E771B6 /* Products */;
			projectDirPath = "";
			projectRoot = "";
			targets = (
				86E1C77823D3692A00E771B6 /* Item Lister */,
				86E1C78E23D3692F00E771B6 /* Item ListerTests */,
				86E1C79923D3692F00E771B6 /* Item ListerUITests */,
			);
		};
/* End PBXProject section */

/* Begin PBXResourcesBuildPhase section */
		86E1C77723D3692A00E771B6 /* Resources */ = {
			isa = PBXResourcesBuildPhase;
			buildActionMask = 2147483647;
			files = (
				86E1C78923D3692F00E771B6 /* LaunchScreen.storyboard in Resources */,
				86E1C78623D3692F00E771B6 /* Assets.xcassets in Resources */,
				86E1C7F523D39A4A00E771B6 /* ItemCell.xib in Resources */,
				86E1C7C623D3756D00E771B6 /* loading.json in Resources */,
				86E1C7C223D3742500E771B6 /* OpenSans-Light.ttf in Resources */,
				86E1C7C923D3774800E771B6 /* Localizable.strings in Resources */,
				86E1C7C123D3742500E771B6 /* OpenSans-Bold.ttf in Resources */,
				86E1C78423D3692A00E771B6 /* Main.storyboard in Resources */,
				86E1C7BF23D3742500E771B6 /* OpenSans.ttf in Resources */,
				86E1C7C023D3742500E771B6 /* OpenSans-Semibold.ttf in Resources */,
			);
			runOnlyForDeploymentPostprocessing = 0;
		};
		86E1C78D23D3692F00E771B6 /* Resources */ = {
			isa = PBXResourcesBuildPhase;
			buildActionMask = 2147483647;
			files = (
			);
			runOnlyForDeploymentPostprocessing = 0;
		};
		86E1C79823D3692F00E771B6 /* Resources */ = {
			isa = PBXResourcesBuildPhase;
			buildActionMask = 2147483647;
			files = (
			);
			runOnlyForDeploymentPostprocessing = 0;
		};
/* End PBXResourcesBuildPhase section */

/* Begin PBXShellScriptBuildPhase section */
		86E1C7B023D36CBA00E771B6 /* ShellScript */ = {
			isa = PBXShellScriptBuildPhase;
			buildActionMask = 2147483647;
			files = (
			);
			inputFileListPaths = (
			);
			inputPaths = (
				"$(SRCROOT)/Carthage/Build/iOS/Alamofire.framework",
				"$(SRCROOT)/Carthage/Build/iOS/AlamofireImage.framework",
				"$(SRCROOT)/Carthage/Build/iOS/Lottie.framework",
			);
			outputFileListPaths = (
			);
			outputPaths = (
			);
			runOnlyForDeploymentPostprocessing = 0;
			shellPath = /bin/sh;
			shellScript = "/usr/local/bin/carthage copy-frameworks\n";
		};
		86E1C7B123D36CE000E771B6 /* ShellScript */ = {
			isa = PBXShellScriptBuildPhase;
			buildActionMask = 2147483647;
			files = (
			);
			inputFileListPaths = (
			);
			inputPaths = (
			);
			outputFileListPaths = (
			);
			outputPaths = (
			);
			runOnlyForDeploymentPostprocessing = 0;
			shellPath = /bin/sh;
			shellScript = "if which swiftlint >/dev/null; then\n  swiftlint\nelse\n  echo \"warning: SwiftLint not installed\"\nfi\n";
		};
/* End PBXShellScriptBuildPhase section */

/* Begin PBXSourcesBuildPhase section */
		86E1C77523D3692A00E771B6 /* Sources */ = {
			isa = PBXSourcesBuildPhase;
			buildActionMask = 2147483647;
			files = (
				86E1C7FD23D3B8E600E771B6 /* StoryboardLoadable.swift in Sources */,
				86E1C7F323D39A4000E771B6 /* ItemCell.swift in Sources */,
				86E1C7FA23D3B79A00E771B6 /* ItemDetailViewModel.swift in Sources */,
				86E1C7D123D3793300E771B6 /* StatefulViewModel.swift in Sources */,
				86E1C7E023D37F6B00E771B6 /* UIButton+Styling.swift in Sources */,
				86E1C77D23D3692A00E771B6 /* AppDelegate.swift in Sources */,
				86E1C7E823D3926200E771B6 /* HomeViewModel.swift in Sources */,
				86E1C7EE23D3933A00E771B6 /* Item.swift in Sources */,
				8644D5F623D3C71200EB303A /* Global.swift in Sources */,
				86E1C7FF23D3B8F800E771B6 /* Instantiatable.swift in Sources */,
				86E1C7D323D3793F00E771B6 /* BaseViewController.swift in Sources */,
				86E1C7E323D3807700E771B6 /* NetworkManager.swift in Sources */,
				86E1C7F823D3B30600E771B6 /* ItemDetailViewController.swift in Sources */,
				86E1C7E623D3818A00E771B6 /* HomeViewController.swift in Sources */,
				86E1C7D723D37BBD00E771B6 /* String+Localization.swift in Sources */,
				86E1C7DD23D37D6600E771B6 /* UIColor+Styling.swift in Sources */,
				86E1C7DA23D37CEC00E771B6 /* UIFont+Styling.swift in Sources */,
				86E1C7EA23D3927600E771B6 /* HomeRouter.swift in Sources */,
			);
			runOnlyForDeploymentPostprocessing = 0;
		};
		86E1C78B23D3692F00E771B6 /* Sources */ = {
			isa = PBXSourcesBuildPhase;
			buildActionMask = 2147483647;
			files = (
				86E1C79423D3692F00E771B6 /* Item_ListerTests.swift in Sources */,
			);
			runOnlyForDeploymentPostprocessing = 0;
		};
		86E1C79623D3692F00E771B6 /* Sources */ = {
			isa = PBXSourcesBuildPhase;
			buildActionMask = 2147483647;
			files = (
				86E1C79F23D3692F00E771B6 /* Item_ListerUITests.swift in Sources */,
			);
			runOnlyForDeploymentPostprocessing = 0;
		};
/* End PBXSourcesBuildPhase section */

/* Begin PBXTargetDependency section */
		86E1C79123D3692F00E771B6 /* PBXTargetDependency */ = {
			isa = PBXTargetDependency;
			target = 86E1C77823D3692A00E771B6 /* Item Lister */;
			targetProxy = 86E1C79023D3692F00E771B6 /* PBXContainerItemProxy */;
		};
		86E1C79C23D3692F00E771B6 /* PBXTargetDependency */ = {
			isa = PBXTargetDependency;
			target = 86E1C77823D3692A00E771B6 /* Item Lister */;
			targetProxy = 86E1C79B23D3692F00E771B6 /* PBXContainerItemProxy */;
		};
/* End PBXTargetDependency section */

/* Begin PBXVariantGroup section */
		86E1C78223D3692A00E771B6 /* Main.storyboard */ = {
			isa = PBXVariantGroup;
			children = (
				86E1C78323D3692A00E771B6 /* Base */,
			);
			name = Main.storyboard;
			sourceTree = "<group>";
		};
		86E1C78723D3692F00E771B6 /* LaunchScreen.storyboard */ = {
			isa = PBXVariantGroup;
			children = (
				86E1C78823D3692F00E771B6 /* Base */,
			);
			name = LaunchScreen.storyboard;
			sourceTree = "<group>";
		};
		86E1C7CB23D3774800E771B6 /* Localizable.strings */ = {
			isa = PBXVariantGroup;
			children = (
				86E1C7CA23D3774800E771B6 /* en */,
				86E1C7CC23D3777800E771B6 /* tr */,
			);
			name = Localizable.strings;
			sourceTree = "<group>";
		};
/* End PBXVariantGroup section */

/* Begin XCBuildConfiguration section */
		86E1C7A123D3692F00E771B6 /* Debug */ = {
			isa = XCBuildConfiguration;
			buildSettings = {
				ALWAYS_SEARCH_USER_PATHS = NO;
				CLANG_ANALYZER_LOCALIZABILITY_NONLOCALIZED = YES;
				CLANG_ANALYZER_NONNULL = YES;
				CLANG_ANALYZER_NUMBER_OBJECT_CONVERSION = YES_AGGRESSIVE;
				CLANG_CXX_LANGUAGE_STANDARD = "gnu++14";
				CLANG_CXX_LIBRARY = "libc++";
				CLANG_ENABLE_MODULES = YES;
				CLANG_ENABLE_OBJC_ARC = YES;
				CLANG_ENABLE_OBJC_WEAK = YES;
				CLANG_WARN_BLOCK_CAPTURE_AUTORELEASING = YES;
				CLANG_WARN_BOOL_CONVERSION = YES;
				CLANG_WARN_COMMA = YES;
				CLANG_WARN_CONSTANT_CONVERSION = YES;
				CLANG_WARN_DEPRECATED_OBJC_IMPLEMENTATIONS = YES;
				CLANG_WARN_DIRECT_OBJC_ISA_USAGE = YES_ERROR;
				CLANG_WARN_DOCUMENTATION_COMMENTS = YES;
				CLANG_WARN_EMPTY_BODY = YES;
				CLANG_WARN_ENUM_CONVERSION = YES;
				CLANG_WARN_INFINITE_RECURSION = YES;
				CLANG_WARN_INT_CONVERSION = YES;
				CLANG_WARN_NON_LITERAL_NULL_CONVERSION = YES;
				CLANG_WARN_OBJC_IMPLICIT_RETAIN_SELF = YES;
				CLANG_WARN_OBJC_LITERAL_CONVERSION = YES;
				CLANG_WARN_OBJC_ROOT_CLASS = YES_ERROR;
				CLANG_WARN_RANGE_LOOP_ANALYSIS = YES;
				CLANG_WARN_STRICT_PROTOTYPES = YES;
				CLANG_WARN_SUSPICIOUS_MOVE = YES;
				CLANG_WARN_UNGUARDED_AVAILABILITY = YES_AGGRESSIVE;
				CLANG_WARN_UNREACHABLE_CODE = YES;
				CLANG_WARN__DUPLICATE_METHOD_MATCH = YES;
				COPY_PHASE_STRIP = NO;
				DEBUG_INFORMATION_FORMAT = dwarf;
				ENABLE_STRICT_OBJC_MSGSEND = YES;
				ENABLE_TESTABILITY = YES;
				GCC_C_LANGUAGE_STANDARD = gnu11;
				GCC_DYNAMIC_NO_PIC = NO;
				GCC_NO_COMMON_BLOCKS = YES;
				GCC_OPTIMIZATION_LEVEL = 0;
				GCC_PREPROCESSOR_DEFINITIONS = (
					"DEBUG=1",
					"$(inherited)",
				);
				GCC_WARN_64_TO_32_BIT_CONVERSION = YES;
				GCC_WARN_ABOUT_RETURN_TYPE = YES_ERROR;
				GCC_WARN_UNDECLARED_SELECTOR = YES;
				GCC_WARN_UNINITIALIZED_AUTOS = YES_AGGRESSIVE;
				GCC_WARN_UNUSED_FUNCTION = YES;
				GCC_WARN_UNUSED_VARIABLE = YES;
				IPHONEOS_DEPLOYMENT_TARGET = 13.2;
				MTL_ENABLE_DEBUG_INFO = INCLUDE_SOURCE;
				MTL_FAST_MATH = YES;
				ONLY_ACTIVE_ARCH = YES;
				SDKROOT = iphoneos;
				SWIFT_ACTIVE_COMPILATION_CONDITIONS = DEBUG;
				SWIFT_OPTIMIZATION_LEVEL = "-Onone";
			};
			name = Debug;
		};
		86E1C7A223D3692F00E771B6 /* Release */ = {
			isa = XCBuildConfiguration;
			buildSettings = {
				ALWAYS_SEARCH_USER_PATHS = NO;
				CLANG_ANALYZER_LOCALIZABILITY_NONLOCALIZED = YES;
				CLANG_ANALYZER_NONNULL = YES;
				CLANG_ANALYZER_NUMBER_OBJECT_CONVERSION = YES_AGGRESSIVE;
				CLANG_CXX_LANGUAGE_STANDARD = "gnu++14";
				CLANG_CXX_LIBRARY = "libc++";
				CLANG_ENABLE_MODULES = YES;
				CLANG_ENABLE_OBJC_ARC = YES;
				CLANG_ENABLE_OBJC_WEAK = YES;
				CLANG_WARN_BLOCK_CAPTURE_AUTORELEASING = YES;
				CLANG_WARN_BOOL_CONVERSION = YES;
				CLANG_WARN_COMMA = YES;
				CLANG_WARN_CONSTANT_CONVERSION = YES;
				CLANG_WARN_DEPRECATED_OBJC_IMPLEMENTATIONS = YES;
				CLANG_WARN_DIRECT_OBJC_ISA_USAGE = YES_ERROR;
				CLANG_WARN_DOCUMENTATION_COMMENTS = YES;
				CLANG_WARN_EMPTY_BODY = YES;
				CLANG_WARN_ENUM_CONVERSION = YES;
				CLANG_WARN_INFINITE_RECURSION = YES;
				CLANG_WARN_INT_CONVERSION = YES;
				CLANG_WARN_NON_LITERAL_NULL_CONVERSION = YES;
				CLANG_WARN_OBJC_IMPLICIT_RETAIN_SELF = YES;
				CLANG_WARN_OBJC_LITERAL_CONVERSION = YES;
				CLANG_WARN_OBJC_ROOT_CLASS = YES_ERROR;
				CLANG_WARN_RANGE_LOOP_ANALYSIS = YES;
				CLANG_WARN_STRICT_PROTOTYPES = YES;
				CLANG_WARN_SUSPICIOUS_MOVE = YES;
				CLANG_WARN_UNGUARDED_AVAILABILITY = YES_AGGRESSIVE;
				CLANG_WARN_UNREACHABLE_CODE = YES;
				CLANG_WARN__DUPLICATE_METHOD_MATCH = YES;
				COPY_PHASE_STRIP = NO;
				DEBUG_INFORMATION_FORMAT = "dwarf-with-dsym";
				ENABLE_NS_ASSERTIONS = NO;
				ENABLE_STRICT_OBJC_MSGSEND = YES;
				GCC_C_LANGUAGE_STANDARD = gnu11;
				GCC_NO_COMMON_BLOCKS = YES;
				GCC_WARN_64_TO_32_BIT_CONVERSION = YES;
				GCC_WARN_ABOUT_RETURN_TYPE = YES_ERROR;
				GCC_WARN_UNDECLARED_SELECTOR = YES;
				GCC_WARN_UNINITIALIZED_AUTOS = YES_AGGRESSIVE;
				GCC_WARN_UNUSED_FUNCTION = YES;
				GCC_WARN_UNUSED_VARIABLE = YES;
				IPHONEOS_DEPLOYMENT_TARGET = 13.2;
				MTL_ENABLE_DEBUG_INFO = NO;
				MTL_FAST_MATH = YES;
				SDKROOT = iphoneos;
				SWIFT_COMPILATION_MODE = wholemodule;
				SWIFT_OPTIMIZATION_LEVEL = "-O";
				VALIDATE_PRODUCT = YES;
			};
			name = Release;
		};
		86E1C7A423D3692F00E771B6 /* Debug */ = {
			isa = XCBuildConfiguration;
			buildSettings = {
				ASSETCATALOG_COMPILER_APPICON_NAME = AppIcon;
				CODE_SIGN_STYLE = Automatic;
				FRAMEWORK_SEARCH_PATHS = (
					"$(inherited)",
					"$(PROJECT_DIR)/Carthage/Build/iOS",
				);
				INFOPLIST_FILE = "Item Lister/Info.plist";
				LD_RUNPATH_SEARCH_PATHS = (
					"$(inherited)",
					"@executable_path/Frameworks",
				);
				PRODUCT_BUNDLE_IDENTIFIER = "cekosoft.Item-Lister";
				PRODUCT_NAME = "$(TARGET_NAME)";
				SWIFT_VERSION = 5.0;
				TARGETED_DEVICE_FAMILY = "1,2";
			};
			name = Debug;
		};
		86E1C7A523D3692F00E771B6 /* Release */ = {
			isa = XCBuildConfiguration;
			buildSettings = {
				ASSETCATALOG_COMPILER_APPICON_NAME = AppIcon;
				CODE_SIGN_STYLE = Automatic;
				FRAMEWORK_SEARCH_PATHS = (
					"$(inherited)",
					"$(PROJECT_DIR)/Carthage/Build/iOS",
				);
				INFOPLIST_FILE = "Item Lister/Info.plist";
				LD_RUNPATH_SEARCH_PATHS = (
					"$(inherited)",
					"@executable_path/Frameworks",
				);
				PRODUCT_BUNDLE_IDENTIFIER = "cekosoft.Item-Lister";
				PRODUCT_NAME = "$(TARGET_NAME)";
				SWIFT_VERSION = 5.0;
				TARGETED_DEVICE_FAMILY = "1,2";
			};
			name = Release;
		};
		86E1C7A723D3692F00E771B6 /* Debug */ = {
			isa = XCBuildConfiguration;
			buildSettings = {
				ALWAYS_EMBED_SWIFT_STANDARD_LIBRARIES = YES;
				BUNDLE_LOADER = "$(TEST_HOST)";
				CODE_SIGN_STYLE = Automatic;
				INFOPLIST_FILE = "Item ListerTests/Info.plist";
				IPHONEOS_DEPLOYMENT_TARGET = 13.2;
				LD_RUNPATH_SEARCH_PATHS = (
					"$(inherited)",
					"@executable_path/Frameworks",
					"@loader_path/Frameworks",
				);
				PRODUCT_BUNDLE_IDENTIFIER = "cekosoft.Item-ListerTests";
				PRODUCT_NAME = "$(TARGET_NAME)";
				SWIFT_VERSION = 5.0;
				TARGETED_DEVICE_FAMILY = "1,2";
				TEST_HOST = "$(BUILT_PRODUCTS_DIR)/Item Lister.app/Item Lister";
			};
			name = Debug;
		};
		86E1C7A823D3692F00E771B6 /* Release */ = {
			isa = XCBuildConfiguration;
			buildSettings = {
				ALWAYS_EMBED_SWIFT_STANDARD_LIBRARIES = YES;
				BUNDLE_LOADER = "$(TEST_HOST)";
				CODE_SIGN_STYLE = Automatic;
				INFOPLIST_FILE = "Item ListerTests/Info.plist";
				IPHONEOS_DEPLOYMENT_TARGET = 13.2;
				LD_RUNPATH_SEARCH_PATHS = (
					"$(inherited)",
					"@executable_path/Frameworks",
					"@loader_path/Frameworks",
				);
				PRODUCT_BUNDLE_IDENTIFIER = "cekosoft.Item-ListerTests";
				PRODUCT_NAME = "$(TARGET_NAME)";
				SWIFT_VERSION = 5.0;
				TARGETED_DEVICE_FAMILY = "1,2";
				TEST_HOST = "$(BUILT_PRODUCTS_DIR)/Item Lister.app/Item Lister";
			};
			name = Release;
		};
		86E1C7AA23D3692F00E771B6 /* Debug */ = {
			isa = XCBuildConfiguration;
			buildSettings = {
				ALWAYS_EMBED_SWIFT_STANDARD_LIBRARIES = YES;
				CODE_SIGN_STYLE = Automatic;
				INFOPLIST_FILE = "Item ListerUITests/Info.plist";
				LD_RUNPATH_SEARCH_PATHS = (
					"$(inherited)",
					"@executable_path/Frameworks",
					"@loader_path/Frameworks",
				);
				PRODUCT_BUNDLE_IDENTIFIER = "cekosoft.Item-ListerUITests";
				PRODUCT_NAME = "$(TARGET_NAME)";
				SWIFT_VERSION = 5.0;
				TARGETED_DEVICE_FAMILY = "1,2";
				TEST_TARGET_NAME = "Item Lister";
			};
			name = Debug;
		};
		86E1C7AB23D3692F00E771B6 /* Release */ = {
			isa = XCBuildConfiguration;
			buildSettings = {
				ALWAYS_EMBED_SWIFT_STANDARD_LIBRARIES = YES;
				CODE_SIGN_STYLE = Automatic;
				INFOPLIST_FILE = "Item ListerUITests/Info.plist";
				LD_RUNPATH_SEARCH_PATHS = (
					"$(inherited)",
					"@executable_path/Frameworks",
					"@loader_path/Frameworks",
				);
				PRODUCT_BUNDLE_IDENTIFIER = "cekosoft.Item-ListerUITests";
				PRODUCT_NAME = "$(TARGET_NAME)";
				SWIFT_VERSION = 5.0;
				TARGETED_DEVICE_FAMILY = "1,2";
				TEST_TARGET_NAME = "Item Lister";
			};
			name = Release;
		};
/* End XCBuildConfiguration section */

/* Begin XCConfigurationList section */
		86E1C77423D3692A00E771B6 /* Build configuration list for PBXProject "Item Lister" */ = {
			isa = XCConfigurationList;
			buildConfigurations = (
				86E1C7A123D3692F00E771B6 /* Debug */,
				86E1C7A223D3692F00E771B6 /* Release */,
			);
			defaultConfigurationIsVisible = 0;
			defaultConfigurationName = Release;
		};
		86E1C7A323D3692F00E771B6 /* Build configuration list for PBXNativeTarget "Item Lister" */ = {
			isa = XCConfigurationList;
			buildConfigurations = (
				86E1C7A423D3692F00E771B6 /* Debug */,
				86E1C7A523D3692F00E771B6 /* Release */,
			);
			defaultConfigurationIsVisible = 0;
			defaultConfigurationName = Release;
		};
		86E1C7A623D3692F00E771B6 /* Build configuration list for PBXNativeTarget "Item ListerTests" */ = {
			isa = XCConfigurationList;
			buildConfigurations = (
				86E1C7A723D3692F00E771B6 /* Debug */,
				86E1C7A823D3692F00E771B6 /* Release */,
			);
			defaultConfigurationIsVisible = 0;
			defaultConfigurationName = Release;
		};
		86E1C7A923D3692F00E771B6 /* Build configuration list for PBXNativeTarget "Item ListerUITests" */ = {
			isa = XCConfigurationList;
			buildConfigurations = (
				86E1C7AA23D3692F00E771B6 /* Debug */,
				86E1C7AB23D3692F00E771B6 /* Release */,
			);
			defaultConfigurationIsVisible = 0;
			defaultConfigurationName = Release;
		};
/* End XCConfigurationList section */
	};
	rootObject = 86E1C77123D3692A00E771B6 /* Project object */;
}
